
Microsoft Visual Studio Solution File, Format Version 12.00
# Visual Studio Version 16
VisualStudioVersion = 16.0.808.6
MinimumVisualStudioVersion = 10.0.40219.1
Project("{FAE04EC0-301F-11D3-BF4B-00C04F79EFBC}") = "DataAccess", "DataAccess\DataAccess.csproj", "{C4A5B009-16CF-417E-AC01-AFC2E55FB1B6}"
EndProject
Project("{FAE04EC0-301F-11D3-BF4B-00C04F79EFBC}") = "Business", "Business\Business.csproj", "{584E8F6B-DB22-4264-8CD2-8F05772067D2}"
EndProject
Project("{FAE04EC0-301F-11D3-BF4B-00C04F79EFBC}") = "Entities", "Entities\Entities.csproj", "{2DFD88A6-2986-4575-9411-BD780A9A45FF}"
EndProject
Project("{FAE04EC0-301F-11D3-BF4B-00C04F79EFBC}") = "ConsoleUI", "ConsoleUI\ConsoleUI.csproj", "{402A1324-9E30-4126-ACB2-34CA5A592E15}"
EndProject
Project("{FAE04EC0-301F-11D3-BF4B-00C04F79EFBC}") = "Core", "Core\Core.csproj", "{64AA8A7C-5746-45DF-B3F2-4892ECFEC2E7}"
EndProject
Project("{FAE04EC0-301F-11D3-BF4B-00C04F79EFBC}") = "WebAPI", "WebAPI2\WebAPI.csproj", "{F324EC21-D345-4A1C-A6CB-275230FBE3D2}"
EndProject
Global
	GlobalSection(SolutionConfigurationPlatforms) = preSolution
		Debug|Any CPU = Debug|Any CPU
		Release|Any CPU = Release|Any CPU
	EndGlobalSection
	GlobalSection(ProjectConfigurationPlatforms) = postSolution
		{C4A5B009-16CF-417E-AC01-AFC2E55FB1B6}.Debug|Any CPU.ActiveCfg = Debug|Any CPU
		{C4A5B009-16CF-417E-AC01-AFC2E55FB1B6}.Debug|Any CPU.Build.0 = Debug|Any CPU
		{C4A5B009-16CF-417E-AC01-AFC2E55FB1B6}.Release|Any CPU.ActiveCfg = Release|Any CPU
		{C4A5B009-16CF-417E-AC01-AFC2E55FB1B6}.Release|Any CPU.Build.0 = Release|Any CPU
		{584E8F6B-DB22-4264-8CD2-8F05772067D2}.Debug|Any CPU.ActiveCfg = Debug|Any CPU
		{584E8F6B-DB22-4264-8CD2-8F05772067D2}.Debug|Any CPU.Build.0 = Debug|Any CPU
		{584E8F6B-DB22-4264-8CD2-8F05772067D2}.Release|Any CPU.ActiveCfg = Release|Any CPU
		{584E8F6B-DB22-4264-8CD2-8F05772067D2}.Release|Any CPU.Build.0 = Release|Any CPU
		{2DFD88A6-2986-4575-9411-BD780A9A45FF}.Debug|Any CPU.ActiveCfg = Debug|Any CPU
		{2DFD88A6-2986-4575-9411-BD780A9A45FF}.Debug|Any CPU.Build.0 = Debug|Any CPU
		{2DFD88A6-2986-4575-9411-BD780A9A45FF}.Release|Any CPU.ActiveCfg = Release|Any CPU
		{2DFD88A6-2986-4575-9411-BD780A9A45FF}.Release|Any CPU.Build.0 = Release|Any CPU
		{402A1324-9E30-4126-ACB2-34CA5A592E15}.Debug|Any CPU.ActiveCfg = Debug|Any CPU
		{402A1324-9E30-4126-ACB2-34CA5A592E15}.Debug|Any CPU.Build.0 = Debug|Any CPU
		{402A1324-9E30-4126-ACB2-34CA5A592E15}.Release|Any CPU.ActiveCfg = Release|Any CPU
		{402A1324-9E30-4126-ACB2-34CA5A592E15}.Release|Any CPU.Build.0 = Release|Any CPU
		{64AA8A7C-5746-45DF-B3F2-4892ECFEC2E7}.Debug|Any CPU.ActiveCfg = Debug|Any CPU
		{64AA8A7C-5746-45DF-B3F2-4892ECFEC2E7}.Debug|Any CPU.Build.0 = Debug|Any CPU
		{64AA8A7C-5746-45DF-B3F2-4892ECFEC2E7}.Release|Any CPU.ActiveCfg = Release|Any CPU
		{64AA8A7C-5746-45DF-B3F2-4892ECFEC2E7}.Release|Any CPU.Build.0 = Release|Any CPU
		{F324EC21-D345-4A1C-A6CB-275230FBE3D2}.Debug|Any CPU.ActiveCfg = Debug|Any CPU
		{F324EC21-D345-4A1C-A6CB-275230FBE3D2}.Debug|Any CPU.Build.0 = Debug|Any CPU
		{F324EC21-D345-4A1C-A6CB-275230FBE3D2}.Release|Any CPU.ActiveCfg = Release|Any CPU
		{F324EC21-D345-4A1C-A6CB-275230FBE3D2}.Release|Any CPU.Build.0 = Release|Any CPU
	EndGlobalSection
	GlobalSection(SolutionProperties) = preSolution
		HideSolutionNode = FALSE
	EndGlobalSection
	GlobalSection(ExtensibilityGlobals) = postSolution
		SolutionGuid = {B65CC8FC-5D68-45E8-A9B7-3F4B3AB571C3}
	EndGlobalSection
EndGlobal
